// !$*UTF8*$!
{
	archiveVersion = 1;
	classes = {
	};
	objectVersion = 56;
	objects = {

/* Begin PBXBuildFile section */
		815A76D12BF99A8D00904AAF /* AppDelegate.swift in Sources */ = {isa = PBXBuildFile; fileRef = 815A76D02BF99A8D00904AAF /* AppDelegate.swift */; };
		815A76D32BF99A8D00904AAF /* SceneDelegate.swift in Sources */ = {isa = PBXBuildFile; fileRef = 815A76D22BF99A8D00904AAF /* SceneDelegate.swift */; };
		815A76D52BF99A8D00904AAF /* ViewController.swift in Sources */ = {isa = PBXBuildFile; fileRef = 815A76D42BF99A8D00904AAF /* ViewController.swift */; };
		815A76D82BF99A8D00904AAF /* Base in Resources */ = {isa = PBXBuildFile; fileRef = 815A76D72BF99A8D00904AAF /* Base */; };
		815A76DA2BF99A8E00904AAF /* Assets.xcassets in Resources */ = {isa = PBXBuildFile; fileRef = 815A76D92BF99A8E00904AAF /* Assets.xcassets */; };
		815A76DD2BF99A8E00904AAF /* Base in Resources */ = {isa = PBXBuildFile; fileRef = 815A76DC2BF99A8E00904AAF /* Base */; };
		81605AF62BF99EDD0056B6E9 /* EmotionDiaryViewController.swift in Sources */ = {isa = PBXBuildFile; fileRef = 81605AF52BF99EDD0056B6E9 /* EmotionDiaryViewController.swift */; };
		81605AF82BF9B1A30056B6E9 /* newlySearchViewController.swift in Sources */ = {isa = PBXBuildFile; fileRef = 81605AF72BF9B1A30056B6E9 /* newlySearchViewController.swift */; };
/* End PBXBuildFile section */

/* Begin PBXFileReference section */
		815A76CD2BF99A8D00904AAF /* sesac_1w_240517_assignment.app */ = {isa = PBXFileReference; explicitFileType = wrapper.application; includeInIndex = 0; path = sesac_1w_240517_assignment.app; sourceTree = BUILT_PRODUCTS_DIR; };
		815A76D02BF99A8D00904AAF /* AppDelegate.swift */ = {isa = PBXFileReference; lastKnownFileType = sourcecode.swift; path = AppDelegate.swift; sourceTree = "<group>"; };
		815A76D22BF99A8D00904AAF /* SceneDelegate.swift */ = {isa = PBXFileReference; lastKnownFileType = sourcecode.swift; path = SceneDelegate.swift; sourceTree = "<group>"; };
		815A76D42BF99A8D00904AAF /* ViewController.swift */ = {isa = PBXFileReference; lastKnownFileType = sourcecode.swift; path = ViewController.swift; sourceTree = "<group>"; };
		815A76D72BF99A8D00904AAF /* Base */ = {isa = PBXFileReference; lastKnownFileType = file.storyboard; name = Base; path = Base.lproj/Main.storyboard; sourceTree = "<group>"; };
		815A76D92BF99A8E00904AAF /* Assets.xcassets */ = {isa = PBXFileReference; lastKnownFileType = folder.assetcatalog; path = Assets.xcassets; sourceTree = "<group>"; };
		815A76DC2BF99A8E00904AAF /* Base */ = {isa = PBXFileReference; lastKnownFileType = file.storyboard; name = Base; path = Base.lproj/LaunchScreen.storyboard; sourceTree = "<group>"; };
		815A76DE2BF99A8E00904AAF /* Info.plist */ = {isa = PBXFileReference; lastKnownFileType = text.plist.xml; path = Info.plist; sourceTree = "<group>"; };
		81605AF52BF99EDD0056B6E9 /* EmotionDiaryViewController.swift */ = {isa = PBXFileReference; lastKnownFileType = sourcecode.swift; path = EmotionDiaryViewController.swift; sourceTree = "<group>"; };
		81605AF72BF9B1A30056B6E9 /* newlySearchViewController.swift */ = {isa = PBXFileReference; lastKnownFileType = sourcecode.swift; path = newlySearchViewController.swift; sourceTree = "<group>"; };
/* End PBXFileReference section */

/* Begin PBXFrameworksBuildPhase section */
		815A76CA2BF99A8D00904AAF /* Frameworks */ = {
			isa = PBXFrameworksBuildPhase;
			buildActionMask = 2147483647;
			files = (
			);
			runOnlyForDeploymentPostprocessing = 0;
		};
/* End PBXFrameworksBuildPhase section */

/* Begin PBXGroup section */
		815A76C42BF99A8C00904AAF = {
			isa = PBXGroup;
			children = (
				815A76CF2BF99A8D00904AAF /* sesac_1w_240517_assignment */,
				815A76CE2BF99A8D00904AAF /* Products */,
			);
			sourceTree = "<group>";
		};
		815A76CE2BF99A8D00904AAF /* Products */ = {
			isa = PBXGroup;
			children = (
				815A76CD2BF99A8D00904AAF /* sesac_1w_240517_assignment.app */,
			);
			name = Products;
			sourceTree = "<group>";
		};
		815A76CF2BF99A8D00904AAF /* sesac_1w_240517_assignment */ = {
			isa = PBXGroup;
			children = (
				815A76D02BF99A8D00904AAF /* AppDelegate.swift */,
				815A76D22BF99A8D00904AAF /* SceneDelegate.swift */,
				815A76D42BF99A8D00904AAF /* ViewController.swift */,
				815A76D62BF99A8D00904AAF /* Main.storyboard */,
				81605AF72BF9B1A30056B6E9 /* newlySearchViewController.swift */,
				815A76D92BF99A8E00904AAF /* Assets.xcassets */,
				815A76DB2BF99A8E00904AAF /* LaunchScreen.storyboard */,
				815A76DE2BF99A8E00904AAF /* Info.plist */,
				81605AF52BF99EDD0056B6E9 /* EmotionDiaryViewController.swift */,
			);
			path = sesac_1w_240517_assignment;
			sourceTree = "<group>";
		};
/* End PBXGroup section */

/* Begin PBXNativeTarget section */
		815A76CC2BF99A8D00904AAF /* sesac_1w_240517_assignment */ = {
			isa = PBXNativeTarget;
			buildConfigurationList = 815A76E12BF99A8E00904AAF /* Build configuration list for PBXNativeTarget "sesac_1w_240517_assignment" */;
			buildPhases = (
				815A76C92BF99A8D00904AAF /* Sources */,
				815A76CA2BF99A8D00904AAF /* Frameworks */,
				815A76CB2BF99A8D00904AAF /* Resources */,
			);
			buildRules = (
			);
			dependencies = (
			);
			name = sesac_1w_240517_assignment;
			productName = sesac_1w_240517_assignment;
			productReference = 815A76CD2BF99A8D00904AAF /* sesac_1w_240517_assignment.app */;
			productType = "com.apple.product-type.application";
		};
/* End PBXNativeTarget section */

/* Begin PBXProject section */
		815A76C52BF99A8C00904AAF /* Project object */ = {
			isa = PBXProject;
			attributes = {
				BuildIndependentTargetsInParallel = 1;
				LastSwiftUpdateCheck = 1530;
				LastUpgradeCheck = 1530;
				TargetAttributes = {
					815A76CC2BF99A8D00904AAF = {
						CreatedOnToolsVersion = 15.3;
					};
				};
			};
			buildConfigurationList = 815A76C82BF99A8C00904AAF /* Build configuration list for PBXProject "sesac_1w_240517_assignment" */;
			compatibilityVersion = "Xcode 14.0";
			developmentRegion = en;
			hasScannedForEncodings = 0;
			knownRegions = (
				en,
				Base,
			);
			mainGroup = 815A76C42BF99A8C00904AAF;
			productRefGroup = 815A76CE2BF99A8D00904AAF /* Products */;
			projectDirPath = "";
			projectRoot = "";
			targets = (
				815A76CC2BF99A8D00904AAF /* sesac_1w_240517_assignment */,
			);
		};
/* End PBXProject section */

/* Begin PBXResourcesBuildPhase section */
		815A76CB2BF99A8D00904AAF /* Resources */ = {
			isa = PBXResourcesBuildPhase;
			buildActionMask = 2147483647;
			files = (
				815A76DA2BF99A8E00904AAF /* Assets.xcassets in Resources */,
				815A76DD2BF99A8E00904AAF /* Base in Resources */,
				815A76D82BF99A8D00904AAF /* Base in Resources */,
			);
			runOnlyForDeploymentPostprocessing = 0;
		};
/* End PBXResourcesBuildPhase section */

/* Begin PBXSourcesBuildPhase section */
		815A76C92BF99A8D00904AAF /* Sources */ = {
			isa = PBXSourcesBuildPhase;
			buildActionMask = 2147483647;
			files = (
				81605AF62BF99EDD0056B6E9 /* EmotionDiaryViewController.swift in Sources */,
				81605AF82BF9B1A30056B6E9 /* newlySearchViewController.swift in Sources */,
				815A76D52BF99A8D00904AAF /* ViewController.swift in Sources */,
				815A76D12BF99A8D00904AAF /* AppDelegate.swift in Sources */,
				815A76D32BF99A8D00904AAF /* SceneDelegate.swift in Sources */,
			);
			runOnlyForDeploymentPostprocessing = 0;
		};
/* End PBXSourcesBuildPhase section */

/* Begin PBXVariantGroup section */
		815A76D62BF99A8D00904AAF /* Main.storyboard */ = {
			isa = PBXVariantGroup;
			children = (
				815A76D72BF99A8D00904AAF /* Base */,
			);
			name = Main.storyboard;
			sourceTree = "<group>";
		};
		815A76DB2BF99A8E00904AAF /* LaunchScreen.storyboard */ = {
			isa = PBXVariantGroup;
			children = (
				815A76DC2BF99A8E00904AAF /* Base */,
			);
			name = LaunchScreen.storyboard;
			sourceTree = "<group>";
		};
/* End PBXVariantGroup section */

/* Begin XCBuildConfiguration section */
		815A76DF2BF99A8E00904AAF /* Debug */ = {
			isa = XCBuildConfiguration;
			buildSettings = {
				ALWAYS_SEARCH_USER_PATHS = NO;
				ASSETCATALOG_COMPILER_GENERATE_SWIFT_ASSET_SYMBOL_EXTENSIONS = YES;
				CLANG_ANALYZER_NONNULL = YES;
				CLANG_ANALYZER_NUMBER_OBJECT_CONVERSION = YES_AGGRESSIVE;
				CLANG_CXX_LANGUAGE_STANDARD = "gnu++20";
				CLANG_ENABLE_MODULES = YES;
				CLANG_ENABLE_OBJC_ARC = YES;
				CLANG_ENABLE_OBJC_WEAK = YES;
				CLANG_WARN_BLOCK_CAPTURE_AUTORELEASING = YES;
				CLANG_WARN_BOOL_CONVERSION = YES;
				CLANG_WARN_COMMA = YES;
				CLANG_WARN_CONSTANT_CONVERSION = YES;
				CLANG_WARN_DEPRECATED_OBJC_IMPLEMENTATIONS = YES;
				CLANG_WARN_DIRECT_OBJC_ISA_USAGE = YES_ERROR;
				CLANG_WARN_DOCUMENTATION_COMMENTS = YES;
				CLANG_WARN_EMPTY_BODY = YES;
				CLANG_WARN_ENUM_CONVERSION = YES;
				CLANG_WARN_INFINITE_RECURSION = YES;
				CLANG_WARN_INT_CONVERSION = YES;
				CLANG_WARN_NON_LITERAL_NULL_CONVERSION = YES;
				CLANG_WARN_OBJC_IMPLICIT_RETAIN_SELF = YES;
				CLANG_WARN_OBJC_LITERAL_CONVERSION = YES;
				CLANG_WARN_OBJC_ROOT_CLASS = YES_ERROR;
				CLANG_WARN_QUOTED_INCLUDE_IN_FRAMEWORK_HEADER = YES;
				CLANG_WARN_RANGE_LOOP_ANALYSIS = YES;
				CLANG_WARN_STRICT_PROTOTYPES = YES;
				CLANG_WARN_SUSPICIOUS_MOVE = YES;
				CLANG_WARN_UNGUARDED_AVAILABILITY = YES_AGGRESSIVE;
				CLANG_WARN_UNREACHABLE_CODE = YES;
				CLANG_WARN__DUPLICATE_METHOD_MATCH = YES;
				COPY_PHASE_STRIP = NO;
				DEBUG_INFORMATION_FORMAT = dwarf;
				ENABLE_STRICT_OBJC_MSGSEND = YES;
				ENABLE_TESTABILITY = YES;
				ENABLE_USER_SCRIPT_SANDBOXING = YES;
				GCC_C_LANGUAGE_STANDARD = gnu17;
				GCC_DYNAMIC_NO_PIC = NO;
				GCC_NO_COMMON_BLOCKS = YES;
				GCC_OPTIMIZATION_LEVEL = 0;
				GCC_PREPROCESSOR_DEFINITIONS = (
					"DEBUG=1",
					"$(inherited)",
				);
				GCC_WARN_64_TO_32_BIT_CONVERSION = YES;
				GCC_WARN_ABOUT_RETURN_TYPE = YES_ERROR;
				GCC_WARN_UNDECLARED_SELECTOR = YES;
				GCC_WARN_UNINITIALIZED_AUTOS = YES_AGGRESSIVE;
				GCC_WARN_UNUSED_FUNCTION = YES;
				GCC_WARN_UNUSED_VARIABLE = YES;
				IPHONEOS_DEPLOYMENT_TARGET = 17.4;
				LOCALIZATION_PREFERS_STRING_CATALOGS = YES;
				MTL_ENABLE_DEBUG_INFO = INCLUDE_SOURCE;
				MTL_FAST_MATH = YES;
				ONLY_ACTIVE_ARCH = YES;
				SDKROOT = iphoneos;
				SWIFT_ACTIVE_COMPILATION_CONDITIONS = "DEBUG $(inherited)";
				SWIFT_OPTIMIZATION_LEVEL = "-Onone";
			};
			name = Debug;
		};
		815A76E02BF99A8E00904AAF /* Release */ = {
			isa = XCBuildConfiguration;
			buildSettings = {
				ALWAYS_SEARCH_USER_PATHS = NO;
				ASSETCATALOG_COMPILER_GENERATE_SWIFT_ASSET_SYMBOL_EXTENSIONS = YES;
				CLANG_ANALYZER_NONNULL = YES;
				CLANG_ANALYZER_NUMBER_OBJECT_CONVERSION = YES_AGGRESSIVE;
				CLANG_CXX_LANGUAGE_STANDARD = "gnu++20";
				CLANG_ENABLE_MODULES = YES;
				CLANG_ENABLE_OBJC_ARC = YES;
				CLANG_ENABLE_OBJC_WEAK = YES;
				CLANG_WARN_BLOCK_CAPTURE_AUTORELEASING = YES;
				CLANG_WARN_BOOL_CONVERSION = YES;
				CLANG_WARN_COMMA = YES;
				CLANG_WARN_CONSTANT_CONVERSION = YES;
				CLANG_WARN_DEPRECATED_OBJC_IMPLEMENTATIONS = YES;
				CLANG_WARN_DIRECT_OBJC_ISA_USAGE = YES_ERROR;
				CLANG_WARN_DOCUMENTATION_COMMENTS = YES;
				CLANG_WARN_EMPTY_BODY = YES;
				CLANG_WARN_ENUM_CONVERSION = YES;
				CLANG_WARN_INFINITE_RECURSION = YES;
				CLANG_WARN_INT_CONVERSION = YES;
				CLANG_WARN_NON_LITERAL_NULL_CONVERSION = YES;
				CLANG_WARN_OBJC_IMPLICIT_RETAIN_SELF = YES;
				CLANG_WARN_OBJC_LITERAL_CONVERSION = YES;
				CLANG_WARN_OBJC_ROOT_CLASS = YES_ERROR;
				CLANG_WARN_QUOTED_INCLUDE_IN_FRAMEWORK_HEADER = YES;
				CLANG_WARN_RANGE_LOOP_ANALYSIS = YES;
				CLANG_WARN_STRICT_PROTOTYPES = YES;
				CLANG_WARN_SUSPICIOUS_MOVE = YES;
				CLANG_WARN_UNGUARDED_AVAILABILITY = YES_AGGRESSIVE;
				CLANG_WARN_UNREACHABLE_CODE = YES;
				CLANG_WARN__DUPLICATE_METHOD_MATCH = YES;
				COPY_PHASE_STRIP = NO;
				DEBUG_INFORMATION_FORMAT = "dwarf-with-dsym";
				ENABLE_NS_ASSERTIONS = NO;
				ENABLE_STRICT_OBJC_MSGSEND = YES;
				ENABLE_USER_SCRIPT_SANDBOXING = YES;
				GCC_C_LANGUAGE_STANDARD = gnu17;
				GCC_NO_COMMON_BLOCKS = YES;
				GCC_WARN_64_TO_32_BIT_CONVERSION = YES;
				GCC_WARN_ABOUT_RETURN_TYPE = YES_ERROR;
				GCC_WARN_UNDECLARED_SELECTOR = YES;
				GCC_WARN_UNINITIALIZED_AUTOS = YES_AGGRESSIVE;
				GCC_WARN_UNUSED_FUNCTION = YES;
				GCC_WARN_UNUSED_VARIABLE = YES;
				IPHONEOS_DEPLOYMENT_TARGET = 17.4;
				LOCALIZATION_PREFERS_STRING_CATALOGS = YES;
				MTL_ENABLE_DEBUG_INFO = NO;
				MTL_FAST_MATH = YES;
				SDKROOT = iphoneos;
				SWIFT_COMPILATION_MODE = wholemodule;
				VALIDATE_PRODUCT = YES;
			};
			name = Release;
		};
		815A76E22BF99A8E00904AAF /* Debug */ = {
			isa = XCBuildConfiguration;
			buildSettings = {
				ASSETCATALOG_COMPILER_APPICON_NAME = AppIcon;
				ASSETCATALOG_COMPILER_GLOBAL_ACCENT_COLOR_NAME = AccentColor;
				CODE_SIGN_STYLE = Automatic;
				CURRENT_PROJECT_VERSION = 1;
				GENERATE_INFOPLIST_FILE = YES;
				INFOPLIST_FILE = sesac_1w_240517_assignment/Info.plist;
				INFOPLIST_KEY_UIApplicationSupportsIndirectInputEvents = YES;
				INFOPLIST_KEY_UILaunchStoryboardName = LaunchScreen;
				INFOPLIST_KEY_UIMainStoryboardFile = Main;
				INFOPLIST_KEY_UISupportedInterfaceOrientations_iPad = "UIInterfaceOrientationPortrait UIInterfaceOrientationPortraitUpsideDown UIInterfaceOrientationLandscapeLeft UIInterfaceOrientationLandscapeRight";
				INFOPLIST_KEY_UISupportedInterfaceOrientations_iPhone = "UIInterfaceOrientationPortrait UIInterfaceOrientationLandscapeLeft UIInterfaceOrientationLandscapeRight";
				IPHONEOS_DEPLOYMENT_TARGET = 17.0;
				LD_RUNPATH_SEARCH_PATHS = (
					"$(inherited)",
					"@executable_path/Frameworks",
				);
				MARKETING_VERSION = 1.0;
				PRODUCT_BUNDLE_IDENTIFIER = "com.sesac.sesac-1w-240517-assignment";
				PRODUCT_NAME = "$(TARGET_NAME)";
				SUPPORTED_PLATFORMS = "iphoneos iphonesimulator";
				SUPPORTS_MACCATALYST = NO;
				SUPPORTS_MAC_DESIGNED_FOR_IPHONE_IPAD = NO;
				SUPPORTS_XR_DESIGNED_FOR_IPHONE_IPAD = NO;
				SWIFT_EMIT_LOC_STRINGS = YES;
				SWIFT_VERSION = 5.0;
				TARGETED_DEVICE_FAMILY = 1;
			};
			name = Debug;
		};
		815A76E32BF99A8E00904AAF /* Release */ = {
			isa = XCBuildConfiguration;
			buildSettings = {
				ASSETCATALOG_COMPILER_APPICON_NAME = AppIcon;
				ASSETCATALOG_COMPILER_GLOBAL_ACCENT_COLOR_NAME = AccentColor;
				CODE_SIGN_STYLE = Automatic;
				CURRENT_PROJECT_VERSION = 1;
				GENERATE_INFOPLIST_FILE = YES;
				INFOPLIST_FILE = sesac_1w_240517_assignment/Info.plist;
				INFOPLIST_KEY_UIApplicationSupportsIndirectInputEvents = YES;
				INFOPLIST_KEY_UILaunchStoryboardName = LaunchScreen;
				INFOPLIST_KEY_UIMainStoryboardFile = Main;
				INFOPLIST_KEY_UISupportedInterfaceOrientations_iPad = "UIInterfaceOrientationPortrait UIInterfaceOrientationPortraitUpsideDown UIInterfaceOrientationLandscapeLeft UIInterfaceOrientationLandscapeRight";
				INFOPLIST_KEY_UISupportedInterfaceOrientations_iPhone = "UIInterfaceOrientationPortrait UIInterfaceOrientationLandscapeLeft UIInterfaceOrientationLandscapeRight";
				IPHONEOS_DEPLOYMENT_TARGET = 17.0;
				LD_RUNPATH_SEARCH_PATHS = (
					"$(inherited)",
					"@executable_path/Frameworks",
				);
				MARKETING_VERSION = 1.0;
				PRODUCT_BUNDLE_IDENTIFIER = "com.sesac.sesac-1w-240517-assignment";
				PRODUCT_NAME = "$(TARGET_NAME)";
				SUPPORTED_PLATFORMS = "iphoneos iphonesimulator";
				SUPPORTS_MACCATALYST = NO;
				SUPPORTS_MAC_DESIGNED_FOR_IPHONE_IPAD = NO;
				SUPPORTS_XR_DESIGNED_FOR_IPHONE_IPAD = NO;
				SWIFT_EMIT_LOC_STRINGS = YES;
				SWIFT_VERSION = 5.0;
				TARGETED_DEVICE_FAMILY = 1;
			};
			name = Release;
		};
/* End XCBuildConfiguration section */

/* Begin XCConfigurationList section */
		815A76C82BF99A8C00904AAF /* Build configuration list for PBXProject "sesac_1w_240517_assignment" */ = {
			isa = XCConfigurationList;
			buildConfigurations = (
				815A76DF2BF99A8E00904AAF /* Debug */,
				815A76E02BF99A8E00904AAF /* Release */,
			);
			defaultConfigurationIsVisible = 0;
			defaultConfigurationName = Release;
		};
		815A76E12BF99A8E00904AAF /* Build configuration list for PBXNativeTarget "sesac_1w_240517_assignment" */ = {
			isa = XCConfigurationList;
			buildConfigurations = (
				815A76E22BF99A8E00904AAF /* Debug */,
				815A76E32BF99A8E00904AAF /* Release */,
			);
			defaultConfigurationIsVisible = 0;
			defaultConfigurationName = Release;
		};
/* End XCConfigurationList section */
	};
	rootObject = 815A76C52BF99A8C00904AAF /* Project object */;
}
